// !$*UTF8*$!
{
	archiveVersion = 1;
	classes = {
	};
	objectVersion = 50;
	objects = {

/* Begin PBXBuildFile section */
		99135F5220B3F5CB004AD17F /* LinearLayoutViewController.m in Sources */ = {isa = PBXBuildFile; fileRef = 99135F5120B3F5CB004AD17F /* LinearLayoutViewController.m */; };
		99135F5520B3F84B004AD17F /* FlowLayoutViewController.m in Sources */ = {isa = PBXBuildFile; fileRef = 99135F5420B3F84B004AD17F /* FlowLayoutViewController.m */; };
		9913F4FC20B2DDBC00F9A8B0 /* MBProgressHUD.framework in Frameworks */ = {isa = PBXBuildFile; fileRef = 9913F4FB20B2DDBB00F9A8B0 /* MBProgressHUD.framework */; };
		991AB71020AA8251003C8A52 /* AppDelegate.m in Sources */ = {isa = PBXBuildFile; fileRef = 991AB70F20AA8251003C8A52 /* AppDelegate.m */; };
		991AB71220AA8257003C8A52 /* Assets.xcassets in Resources */ = {isa = PBXBuildFile; fileRef = 991AB71120AA8257003C8A52 /* Assets.xcassets */; };
		991AB71520AA8257003C8A52 /* LaunchScreen.storyboard in Resources */ = {isa = PBXBuildFile; fileRef = 991AB71320AA8257003C8A52 /* LaunchScreen.storyboard */; };
		991AB71820AA8258003C8A52 /* main.m in Sources */ = {isa = PBXBuildFile; fileRef = 991AB71720AA8258003C8A52 /* main.m */; };
		991AB72520AA84A9003C8A52 /* MineViewController.m in Sources */ = {isa = PBXBuildFile; fileRef = 991AB72420AA84A9003C8A52 /* MineViewController.m */; };
		991AB72820AA84CD003C8A52 /* WorkViewController.m in Sources */ = {isa = PBXBuildFile; fileRef = 991AB72720AA84CD003C8A52 /* WorkViewController.m */; };
		991AB72B20AA84E3003C8A52 /* HomeViewController.m in Sources */ = {isa = PBXBuildFile; fileRef = 991AB72A20AA84E3003C8A52 /* HomeViewController.m */; };
		991AB73520AA87C9003C8A52 /* tab_work_nor@2x.png in Resources */ = {isa = PBXBuildFile; fileRef = 991AB72F20AA87C7003C8A52 /* tab_work_nor@2x.png */; };
		991AB73620AA87C9003C8A52 /* tab_work_sel@2x.png in Resources */ = {isa = PBXBuildFile; fileRef = 991AB73020AA87C8003C8A52 /* tab_work_sel@2x.png */; };
		991AB73720AA87C9003C8A52 /* tab_home_nor@2x.png in Resources */ = {isa = PBXBuildFile; fileRef = 991AB73120AA87C8003C8A52 /* tab_home_nor@2x.png */; };
		991AB73820AA87C9003C8A52 /* tab_mine_sel@2x.png in Resources */ = {isa = PBXBuildFile; fileRef = 991AB73220AA87C8003C8A52 /* tab_mine_sel@2x.png */; };
		991AB73920AA87C9003C8A52 /* tab_home_sel@2x.png in Resources */ = {isa = PBXBuildFile; fileRef = 991AB73320AA87C9003C8A52 /* tab_home_sel@2x.png */; };
		991AB73A20AA87C9003C8A52 /* tab_mine_nor@2x.png in Resources */ = {isa = PBXBuildFile; fileRef = 991AB73420AA87C9003C8A52 /* tab_mine_nor@2x.png */; };
		991AB73D20AA8DB8003C8A52 /* MapDemoViewController.m in Sources */ = {isa = PBXBuildFile; fileRef = 991AB73C20AA8DB8003C8A52 /* MapDemoViewController.m */; };
		993DE0912118022A00CF6890 /* FileShareViewController.m in Sources */ = {isa = PBXBuildFile; fileRef = 993DE0902118022A00CF6890 /* FileShareViewController.m */; };
		993DE093211806D800CF6890 /* test.pdf in Resources */ = {isa = PBXBuildFile; fileRef = 993DE092211806D800CF6890 /* test.pdf */; };
		994664432114918A00F228E0 /* tupian.jpg in Resources */ = {isa = PBXBuildFile; fileRef = 994664422114918A00F228E0 /* tupian.jpg */; };
		996370E321CE66720075CFB4 /* WkWebDemoViewController.m in Sources */ = {isa = PBXBuildFile; fileRef = 996370E221CE66720075CFB4 /* WkWebDemoViewController.m */; };
		99808D8E21B507740078FB99 /* AddressSanitizerViewController.m in Sources */ = {isa = PBXBuildFile; fileRef = 99808D8D21B507740078FB99 /* AddressSanitizerViewController.m */; };
		99808DA721B51D8E0078FB99 /* UINavigationController+MemoryLeak.m in Sources */ = {isa = PBXBuildFile; fileRef = 99808D9021B51D880078FB99 /* UINavigationController+MemoryLeak.m */; };
		99808DA821B51D8E0078FB99 /* UITouch+MemoryLeak.m in Sources */ = {isa = PBXBuildFile; fileRef = 99808D9621B51D8A0078FB99 /* UITouch+MemoryLeak.m */; };
		99808DA921B51D8E0078FB99 /* UIApplication+MemoryLeak.m in Sources */ = {isa = PBXBuildFile; fileRef = 99808D9821B51D8B0078FB99 /* UIApplication+MemoryLeak.m */; };
		99808DAA21B51D8E0078FB99 /* MLeakedObjectProxy.m in Sources */ = {isa = PBXBuildFile; fileRef = 99808D9921B51D8B0078FB99 /* MLeakedObjectProxy.m */; };
		99808DAB21B51D8E0078FB99 /* UIView+MemoryLeak.m in Sources */ = {isa = PBXBuildFile; fileRef = 99808D9A21B51D8B0078FB99 /* UIView+MemoryLeak.m */; };
		99808DAC21B51D8E0078FB99 /* NSObject+MemoryLeak.m in Sources */ = {isa = PBXBuildFile; fileRef = 99808D9B21B51D8B0078FB99 /* NSObject+MemoryLeak.m */; };
		99808DAD21B51D8E0078FB99 /* MLeaksMessenger.m in Sources */ = {isa = PBXBuildFile; fileRef = 99808D9C21B51D8B0078FB99 /* MLeaksMessenger.m */; };
		99808DAE21B51D8E0078FB99 /* UIPageViewController+MemoryLeak.m in Sources */ = {isa = PBXBuildFile; fileRef = 99808D9D21B51D8B0078FB99 /* UIPageViewController+MemoryLeak.m */; };
		99808DAF21B51D8E0078FB99 /* UITabBarController+MemoryLeak.m in Sources */ = {isa = PBXBuildFile; fileRef = 99808D9E21B51D8B0078FB99 /* UITabBarController+MemoryLeak.m */; };
		99808DB021B51D8E0078FB99 /* UIViewController+MemoryLeak.m in Sources */ = {isa = PBXBuildFile; fileRef = 99808D9F21B51D8C0078FB99 /* UIViewController+MemoryLeak.m */; };
		99808DB121B51D8E0078FB99 /* UISplitViewController+MemoryLeak.m in Sources */ = {isa = PBXBuildFile; fileRef = 99808DA321B51D8D0078FB99 /* UISplitViewController+MemoryLeak.m */; };
		99825D00211430100089B85B /* FileViewController.m in Sources */ = {isa = PBXBuildFile; fileRef = 99825CFF211430100089B85B /* FileViewController.m */; };
		99825D03211452600089B85B /* FileMgrViewController.m in Sources */ = {isa = PBXBuildFile; fileRef = 99825D02211452600089B85B /* FileMgrViewController.m */; };
		9992481720B3BF05002F1827 /* FrameTestViewController.m in Sources */ = {isa = PBXBuildFile; fileRef = 9992481620B3BF05002F1827 /* FrameTestViewController.m */; };
		99E1FF0F218AEC8B00087773 /* PhotoCompressViewController.m in Sources */ = {isa = PBXBuildFile; fileRef = 99E1FF0E218AEC8B00087773 /* PhotoCompressViewController.m */; };
		99F75D7620B950B60007C49C /* MyLayout.framework in Frameworks */ = {isa = PBXBuildFile; fileRef = 9913F4E020B2C60A00F9A8B0 /* MyLayout.framework */; };
/* End PBXBuildFile section */

/* Begin PBXFileReference section */
		99135F5020B3F5CB004AD17F /* LinearLayoutViewController.h */ = {isa = PBXFileReference; lastKnownFileType = sourcecode.c.h; path = LinearLayoutViewController.h; sourceTree = "<group>"; };
		99135F5120B3F5CB004AD17F /* LinearLayoutViewController.m */ = {isa = PBXFileReference; lastKnownFileType = sourcecode.c.objc; path = LinearLayoutViewController.m; sourceTree = "<group>"; };
		99135F5320B3F84B004AD17F /* FlowLayoutViewController.h */ = {isa = PBXFileReference; lastKnownFileType = sourcecode.c.h; path = FlowLayoutViewController.h; sourceTree = "<group>"; };
		99135F5420B3F84B004AD17F /* FlowLayoutViewController.m */ = {isa = PBXFileReference; lastKnownFileType = sourcecode.c.objc; path = FlowLayoutViewController.m; sourceTree = "<group>"; };
		9913F4E020B2C60A00F9A8B0 /* MyLayout.framework */ = {isa = PBXFileReference; lastKnownFileType = wrapper.framework; name = MyLayout.framework; path = Carthage/Build/iOS/MyLayout.framework; sourceTree = "<group>"; };
		9913F4FB20B2DDBB00F9A8B0 /* MBProgressHUD.framework */ = {isa = PBXFileReference; lastKnownFileType = wrapper.framework; name = MBProgressHUD.framework; path = Carthage/Build/iOS/MBProgressHUD.framework; sourceTree = "<group>"; };
		991AB70B20AA8251003C8A52 /* iOSDemo.app */ = {isa = PBXFileReference; explicitFileType = wrapper.application; includeInIndex = 0; path = iOSDemo.app; sourceTree = BUILT_PRODUCTS_DIR; };
		991AB70E20AA8251003C8A52 /* AppDelegate.h */ = {isa = PBXFileReference; lastKnownFileType = sourcecode.c.h; path = AppDelegate.h; sourceTree = "<group>"; };
		991AB70F20AA8251003C8A52 /* AppDelegate.m */ = {isa = PBXFileReference; lastKnownFileType = sourcecode.c.objc; path = AppDelegate.m; sourceTree = "<group>"; };
		991AB71120AA8257003C8A52 /* Assets.xcassets */ = {isa = PBXFileReference; lastKnownFileType = folder.assetcatalog; path = Assets.xcassets; sourceTree = "<group>"; };
		991AB71420AA8257003C8A52 /* Base */ = {isa = PBXFileReference; lastKnownFileType = file.storyboard; name = Base; path = Base.lproj/LaunchScreen.storyboard; sourceTree = "<group>"; };
		991AB71620AA8258003C8A52 /* Info.plist */ = {isa = PBXFileReference; lastKnownFileType = text.plist.xml; path = Info.plist; sourceTree = "<group>"; };
		991AB71720AA8258003C8A52 /* main.m */ = {isa = PBXFileReference; lastKnownFileType = sourcecode.c.objc; path = main.m; sourceTree = "<group>"; };
		991AB72320AA84A9003C8A52 /* MineViewController.h */ = {isa = PBXFileReference; lastKnownFileType = sourcecode.c.h; path = MineViewController.h; sourceTree = "<group>"; };
		991AB72420AA84A9003C8A52 /* MineViewController.m */ = {isa = PBXFileReference; lastKnownFileType = sourcecode.c.objc; path = MineViewController.m; sourceTree = "<group>"; };
		991AB72620AA84CD003C8A52 /* WorkViewController.h */ = {isa = PBXFileReference; lastKnownFileType = sourcecode.c.h; path = WorkViewController.h; sourceTree = "<group>"; };
		991AB72720AA84CD003C8A52 /* WorkViewController.m */ = {isa = PBXFileReference; lastKnownFileType = sourcecode.c.objc; path = WorkViewController.m; sourceTree = "<group>"; };
		991AB72920AA84E3003C8A52 /* HomeViewController.h */ = {isa = PBXFileReference; lastKnownFileType = sourcecode.c.h; path = HomeViewController.h; sourceTree = "<group>"; };
		991AB72A20AA84E3003C8A52 /* HomeViewController.m */ = {isa = PBXFileReference; lastKnownFileType = sourcecode.c.objc; path = HomeViewController.m; sourceTree = "<group>"; };
		991AB72F20AA87C7003C8A52 /* tab_work_nor@2x.png */ = {isa = PBXFileReference; lastKnownFileType = image.png; path = "tab_work_nor@2x.png"; sourceTree = "<group>"; };
		991AB73020AA87C8003C8A52 /* tab_work_sel@2x.png */ = {isa = PBXFileReference; lastKnownFileType = image.png; path = "tab_work_sel@2x.png"; sourceTree = "<group>"; };
		991AB73120AA87C8003C8A52 /* tab_home_nor@2x.png */ = {isa = PBXFileReference; lastKnownFileType = image.png; path = "tab_home_nor@2x.png"; sourceTree = "<group>"; };
		991AB73220AA87C8003C8A52 /* tab_mine_sel@2x.png */ = {isa = PBXFileReference; lastKnownFileType = image.png; path = "tab_mine_sel@2x.png"; sourceTree = "<group>"; };
		991AB73320AA87C9003C8A52 /* tab_home_sel@2x.png */ = {isa = PBXFileReference; lastKnownFileType = image.png; path = "tab_home_sel@2x.png"; sourceTree = "<group>"; };
		991AB73420AA87C9003C8A52 /* tab_mine_nor@2x.png */ = {isa = PBXFileReference; lastKnownFileType = image.png; path = "tab_mine_nor@2x.png"; sourceTree = "<group>"; };
		991AB73B20AA8DB8003C8A52 /* MapDemoViewController.h */ = {isa = PBXFileReference; lastKnownFileType = sourcecode.c.h; path = MapDemoViewController.h; sourceTree = "<group>"; };
		991AB73C20AA8DB8003C8A52 /* MapDemoViewController.m */ = {isa = PBXFileReference; lastKnownFileType = sourcecode.c.objc; path = MapDemoViewController.m; sourceTree = "<group>"; };
		993DE08F2118022A00CF6890 /* FileShareViewController.h */ = {isa = PBXFileReference; lastKnownFileType = sourcecode.c.h; path = FileShareViewController.h; sourceTree = "<group>"; };
		993DE0902118022A00CF6890 /* FileShareViewController.m */ = {isa = PBXFileReference; lastKnownFileType = sourcecode.c.objc; path = FileShareViewController.m; sourceTree = "<group>"; };
		993DE092211806D800CF6890 /* test.pdf */ = {isa = PBXFileReference; lastKnownFileType = image.pdf; path = test.pdf; sourceTree = "<group>"; };
		994664422114918A00F228E0 /* tupian.jpg */ = {isa = PBXFileReference; lastKnownFileType = image.jpeg; path = tupian.jpg; sourceTree = "<group>"; };
		996370E121CE66720075CFB4 /* WkWebDemoViewController.h */ = {isa = PBXFileReference; lastKnownFileType = sourcecode.c.h; path = WkWebDemoViewController.h; sourceTree = "<group>"; };
		996370E221CE66720075CFB4 /* WkWebDemoViewController.m */ = {isa = PBXFileReference; lastKnownFileType = sourcecode.c.objc; path = WkWebDemoViewController.m; sourceTree = "<group>"; };
		99808D8C21B507740078FB99 /* AddressSanitizerViewController.h */ = {isa = PBXFileReference; lastKnownFileType = sourcecode.c.h; path = AddressSanitizerViewController.h; sourceTree = "<group>"; };
		99808D8D21B507740078FB99 /* AddressSanitizerViewController.m */ = {isa = PBXFileReference; lastKnownFileType = sourcecode.c.objc; path = AddressSanitizerViewController.m; sourceTree = "<group>"; };
		99808D9021B51D880078FB99 /* UINavigationController+MemoryLeak.m */ = {isa = PBXFileReference; fileEncoding = 4; lastKnownFileType = sourcecode.c.objc; path = "UINavigationController+MemoryLeak.m"; sourceTree = "<group>"; };
		99808D9121B51D890078FB99 /* UITouch+MemoryLeak.h */ = {isa = PBXFileReference; fileEncoding = 4; lastKnownFileType = sourcecode.c.h; path = "UITouch+MemoryLeak.h"; sourceTree = "<group>"; };
		99808D9221B51D890078FB99 /* UITabBarController+MemoryLeak.h */ = {isa = PBXFileReference; fileEncoding = 4; lastKnownFileType = sourcecode.c.h; path = "UITabBarController+MemoryLeak.h"; sourceTree = "<group>"; };
		99808D9321B51D890078FB99 /* MLeaksMessenger.h */ = {isa = PBXFileReference; fileEncoding = 4; lastKnownFileType = sourcecode.c.h; path = MLeaksMessenger.h; sourceTree = "<group>"; };
		99808D9421B51D890078FB99 /* UISplitViewController+MemoryLeak.h */ = {isa = PBXFileReference; fileEncoding = 4; lastKnownFileType = sourcecode.c.h; path = "UISplitViewController+MemoryLeak.h"; sourceTree = "<group>"; };
		99808D9521B51D8A0078FB99 /* UIViewController+MemoryLeak.h */ = {isa = PBXFileReference; fileEncoding = 4; lastKnownFileType = sourcecode.c.h; path = "UIViewController+MemoryLeak.h"; sourceTree = "<group>"; };
		99808D9621B51D8A0078FB99 /* UITouch+MemoryLeak.m */ = {isa = PBXFileReference; fileEncoding = 4; lastKnownFileType = sourcecode.c.objc; path = "UITouch+MemoryLeak.m"; sourceTree = "<group>"; };
		99808D9721B51D8A0078FB99 /* MLeakedObjectProxy.h */ = {isa = PBXFileReference; fileEncoding = 4; lastKnownFileType = sourcecode.c.h; path = MLeakedObjectProxy.h; sourceTree = "<group>"; };
		99808D9821B51D8B0078FB99 /* UIApplication+MemoryLeak.m */ = {isa = PBXFileReference; fileEncoding = 4; lastKnownFileType = sourcecode.c.objc; path = "UIApplication+MemoryLeak.m"; sourceTree = "<group>"; };
		99808D9921B51D8B0078FB99 /* MLeakedObjectProxy.m */ = {isa = PBXFileReference; fileEncoding = 4; lastKnownFileType = sourcecode.c.objc; path = MLeakedObjectProxy.m; sourceTree = "<group>"; };
		99808D9A21B51D8B0078FB99 /* UIView+MemoryLeak.m */ = {isa = PBXFileReference; fileEncoding = 4; lastKnownFileType = sourcecode.c.objc; path = "UIView+MemoryLeak.m"; sourceTree = "<group>"; };
		99808D9B21B51D8B0078FB99 /* NSObject+MemoryLeak.m */ = {isa = PBXFileReference; fileEncoding = 4; lastKnownFileType = sourcecode.c.objc; path = "NSObject+MemoryLeak.m"; sourceTree = "<group>"; };
		99808D9C21B51D8B0078FB99 /* MLeaksMessenger.m */ = {isa = PBXFileReference; fileEncoding = 4; lastKnownFileType = sourcecode.c.objc; path = MLeaksMessenger.m; sourceTree = "<group>"; };
		99808D9D21B51D8B0078FB99 /* UIPageViewController+MemoryLeak.m */ = {isa = PBXFileReference; fileEncoding = 4; lastKnownFileType = sourcecode.c.objc; path = "UIPageViewController+MemoryLeak.m"; sourceTree = "<group>"; };
		99808D9E21B51D8B0078FB99 /* UITabBarController+MemoryLeak.m */ = {isa = PBXFileReference; fileEncoding = 4; lastKnownFileType = sourcecode.c.objc; path = "UITabBarController+MemoryLeak.m"; sourceTree = "<group>"; };
		99808D9F21B51D8C0078FB99 /* UIViewController+MemoryLeak.m */ = {isa = PBXFileReference; fileEncoding = 4; lastKnownFileType = sourcecode.c.objc; path = "UIViewController+MemoryLeak.m"; sourceTree = "<group>"; };
		99808DA021B51D8C0078FB99 /* NSObject+MemoryLeak.h */ = {isa = PBXFileReference; fileEncoding = 4; lastKnownFileType = sourcecode.c.h; path = "NSObject+MemoryLeak.h"; sourceTree = "<group>"; };
		99808DA121B51D8C0078FB99 /* UIPageViewController+MemoryLeak.h */ = {isa = PBXFileReference; fileEncoding = 4; lastKnownFileType = sourcecode.c.h; path = "UIPageViewController+MemoryLeak.h"; sourceTree = "<group>"; };
		99808DA221B51D8D0078FB99 /* UIApplication+MemoryLeak.h */ = {isa = PBXFileReference; fileEncoding = 4; lastKnownFileType = sourcecode.c.h; path = "UIApplication+MemoryLeak.h"; sourceTree = "<group>"; };
		99808DA321B51D8D0078FB99 /* UISplitViewController+MemoryLeak.m */ = {isa = PBXFileReference; fileEncoding = 4; lastKnownFileType = sourcecode.c.objc; path = "UISplitViewController+MemoryLeak.m"; sourceTree = "<group>"; };
		99808DA421B51D8D0078FB99 /* UINavigationController+MemoryLeak.h */ = {isa = PBXFileReference; fileEncoding = 4; lastKnownFileType = sourcecode.c.h; path = "UINavigationController+MemoryLeak.h"; sourceTree = "<group>"; };
		99808DA521B51D8D0078FB99 /* MLeaksFinder.h */ = {isa = PBXFileReference; fileEncoding = 4; lastKnownFileType = sourcecode.c.h; path = MLeaksFinder.h; sourceTree = "<group>"; };
		99808DA621B51D8D0078FB99 /* UIView+MemoryLeak.h */ = {isa = PBXFileReference; fileEncoding = 4; lastKnownFileType = sourcecode.c.h; path = "UIView+MemoryLeak.h"; sourceTree = "<group>"; };
		99825CFE211430100089B85B /* FileViewController.h */ = {isa = PBXFileReference; lastKnownFileType = sourcecode.c.h; path = FileViewController.h; sourceTree = "<group>"; };
		99825CFF211430100089B85B /* FileViewController.m */ = {isa = PBXFileReference; lastKnownFileType = sourcecode.c.objc; path = FileViewController.m; sourceTree = "<group>"; };
		99825D01211452600089B85B /* FileMgrViewController.h */ = {isa = PBXFileReference; lastKnownFileType = sourcecode.c.h; path = FileMgrViewController.h; sourceTree = "<group>"; };
		99825D02211452600089B85B /* FileMgrViewController.m */ = {isa = PBXFileReference; lastKnownFileType = sourcecode.c.objc; path = FileMgrViewController.m; sourceTree = "<group>"; };
		9992481520B3BF05002F1827 /* FrameTestViewController.h */ = {isa = PBXFileReference; lastKnownFileType = sourcecode.c.h; path = FrameTestViewController.h; sourceTree = "<group>"; };
		9992481620B3BF05002F1827 /* FrameTestViewController.m */ = {isa = PBXFileReference; lastKnownFileType = sourcecode.c.objc; path = FrameTestViewController.m; sourceTree = "<group>"; };
		9992481B20B3C1E6002F1827 /* SystemConstants.h */ = {isa = PBXFileReference; lastKnownFileType = sourcecode.c.h; path = SystemConstants.h; sourceTree = "<group>"; };
		99E1FF0D218AEC8B00087773 /* PhotoCompressViewController.h */ = {isa = PBXFileReference; lastKnownFileType = sourcecode.c.h; path = PhotoCompressViewController.h; sourceTree = "<group>"; };
		99E1FF0E218AEC8B00087773 /* PhotoCompressViewController.m */ = {isa = PBXFileReference; lastKnownFileType = sourcecode.c.objc; path = PhotoCompressViewController.m; sourceTree = "<group>"; };
/* End PBXFileReference section */

/* Begin PBXFrameworksBuildPhase section */
		991AB70820AA8251003C8A52 /* Frameworks */ = {
			isa = PBXFrameworksBuildPhase;
			buildActionMask = 2147483647;
			files = (
				99F75D7620B950B60007C49C /* MyLayout.framework in Frameworks */,
				9913F4FC20B2DDBC00F9A8B0 /* MBProgressHUD.framework in Frameworks */,
			);
			runOnlyForDeploymentPostprocessing = 0;
		};
/* End PBXFrameworksBuildPhase section */

/* Begin PBXGroup section */
		99135F4F20B3F5AC004AD17F /* MyLayoutDemo */ = {
			isa = PBXGroup;
			children = (
				9992481520B3BF05002F1827 /* FrameTestViewController.h */,
				9992481620B3BF05002F1827 /* FrameTestViewController.m */,
				99135F5020B3F5CB004AD17F /* LinearLayoutViewController.h */,
				99135F5120B3F5CB004AD17F /* LinearLayoutViewController.m */,
				99135F5320B3F84B004AD17F /* FlowLayoutViewController.h */,
				99135F5420B3F84B004AD17F /* FlowLayoutViewController.m */,
			);
			path = MyLayoutDemo;
			sourceTree = "<group>";
		};
		9913F4DF20B2C60900F9A8B0 /* Frameworks */ = {
			isa = PBXGroup;
			children = (
				9913F4FB20B2DDBB00F9A8B0 /* MBProgressHUD.framework */,
				9913F4E020B2C60A00F9A8B0 /* MyLayout.framework */,
			);
			name = Frameworks;
			sourceTree = "<group>";
		};
		991AB70220AA8250003C8A52 = {
			isa = PBXGroup;
			children = (
				994664412114915D00F228E0 /* images */,
				99B669A820B3064200010683 /* thirdLibs */,
				991AB70D20AA8251003C8A52 /* iOSDemo */,
				991AB70C20AA8251003C8A52 /* Products */,
				9913F4DF20B2C60900F9A8B0 /* Frameworks */,
			);
			sourceTree = "<group>";
		};
		991AB70C20AA8251003C8A52 /* Products */ = {
			isa = PBXGroup;
			children = (
				991AB70B20AA8251003C8A52 /* iOSDemo.app */,
			);
			name = Products;
			sourceTree = "<group>";
		};
		991AB70D20AA8251003C8A52 /* iOSDemo */ = {
			isa = PBXGroup;
			children = (
				993DE092211806D800CF6890 /* test.pdf */,
				9992481820B3C014002F1827 /* config */,
				991AB72C20AA8779003C8A52 /* sources */,
				991AB71E20AA8337003C8A52 /* containers */,
				991AB70E20AA8251003C8A52 /* AppDelegate.h */,
				991AB70F20AA8251003C8A52 /* AppDelegate.m */,
				991AB71120AA8257003C8A52 /* Assets.xcassets */,
				991AB71320AA8257003C8A52 /* LaunchScreen.storyboard */,
				991AB71620AA8258003C8A52 /* Info.plist */,
				991AB71720AA8258003C8A52 /* main.m */,
			);
			path = iOSDemo;
			sourceTree = "<group>";
		};
		991AB71E20AA8337003C8A52 /* containers */ = {
			isa = PBXGroup;
			children = (
				991AB72220AA848B003C8A52 /* mine */,
				991AB72120AA8474003C8A52 /* work */,
				991AB72020AA846C003C8A52 /* home */,
				991AB71F20AA8376003C8A52 /* base */,
			);
			path = containers;
			sourceTree = "<group>";
		};
		991AB71F20AA8376003C8A52 /* base */ = {
			isa = PBXGroup;
			children = (
			);
			path = base;
			sourceTree = "<group>";
		};
		991AB72020AA846C003C8A52 /* home */ = {
			isa = PBXGroup;
			children = (
				991AB72920AA84E3003C8A52 /* HomeViewController.h */,
				991AB72A20AA84E3003C8A52 /* HomeViewController.m */,
				991AB73B20AA8DB8003C8A52 /* MapDemoViewController.h */,
				991AB73C20AA8DB8003C8A52 /* MapDemoViewController.m */,
				99E1FF0D218AEC8B00087773 /* PhotoCompressViewController.h */,
				99E1FF0E218AEC8B00087773 /* PhotoCompressViewController.m */,
				996370E121CE66720075CFB4 /* WkWebDemoViewController.h */,
				996370E221CE66720075CFB4 /* WkWebDemoViewController.m */,
			);
			path = home;
			sourceTree = "<group>";
		};
		991AB72120AA8474003C8A52 /* work */ = {
			isa = PBXGroup;
			children = (
				991AB72620AA84CD003C8A52 /* WorkViewController.h */,
				991AB72720AA84CD003C8A52 /* WorkViewController.m */,
				99825CFE211430100089B85B /* FileViewController.h */,
				99825CFF211430100089B85B /* FileViewController.m */,
				99825D01211452600089B85B /* FileMgrViewController.h */,
				99825D02211452600089B85B /* FileMgrViewController.m */,
				993DE08F2118022A00CF6890 /* FileShareViewController.h */,
				993DE0902118022A00CF6890 /* FileShareViewController.m */,
				99808D8C21B507740078FB99 /* AddressSanitizerViewController.h */,
				99808D8D21B507740078FB99 /* AddressSanitizerViewController.m */,
			);
			path = work;
			sourceTree = "<group>";
		};
		991AB72220AA848B003C8A52 /* mine */ = {
			isa = PBXGroup;
			children = (
				99135F4F20B3F5AC004AD17F /* MyLayoutDemo */,
				991AB72320AA84A9003C8A52 /* MineViewController.h */,
				991AB72420AA84A9003C8A52 /* MineViewController.m */,
			);
			path = mine;
			sourceTree = "<group>";
		};
		991AB72C20AA8779003C8A52 /* sources */ = {
			isa = PBXGroup;
			children = (
				991AB72D20AA8781003C8A52 /* images */,
			);
			path = sources;
			sourceTree = "<group>";
		};
		991AB72D20AA8781003C8A52 /* images */ = {
			isa = PBXGroup;
			children = (
				991AB72E20AA878C003C8A52 /* tabbar */,
			);
			path = images;
			sourceTree = "<group>";
		};
		991AB72E20AA878C003C8A52 /* tabbar */ = {
			isa = PBXGroup;
			children = (
				991AB73120AA87C8003C8A52 /* tab_home_nor@2x.png */,
				991AB73320AA87C9003C8A52 /* tab_home_sel@2x.png */,
				991AB73420AA87C9003C8A52 /* tab_mine_nor@2x.png */,
				991AB73220AA87C8003C8A52 /* tab_mine_sel@2x.png */,
				991AB72F20AA87C7003C8A52 /* tab_work_nor@2x.png */,
				991AB73020AA87C8003C8A52 /* tab_work_sel@2x.png */,
			);
			path = tabbar;
			sourceTree = "<group>";
		};
		994664412114915D00F228E0 /* images */ = {
			isa = PBXGroup;
			children = (
				994664422114918A00F228E0 /* tupian.jpg */,
			);
			path = images;
			sourceTree = "<group>";
		};
		99808D8F21B51D1E0078FB99 /* MLeaksFinder */ = {
			isa = PBXGroup;
			children = (
				99808D9721B51D8A0078FB99 /* MLeakedObjectProxy.h */,
				99808D9921B51D8B0078FB99 /* MLeakedObjectProxy.m */,
				99808DA521B51D8D0078FB99 /* MLeaksFinder.h */,
				99808D9321B51D890078FB99 /* MLeaksMessenger.h */,
				99808D9C21B51D8B0078FB99 /* MLeaksMessenger.m */,
				99808DA021B51D8C0078FB99 /* NSObject+MemoryLeak.h */,
				99808D9B21B51D8B0078FB99 /* NSObject+MemoryLeak.m */,
				99808DA221B51D8D0078FB99 /* UIApplication+MemoryLeak.h */,
				99808D9821B51D8B0078FB99 /* UIApplication+MemoryLeak.m */,
				99808DA421B51D8D0078FB99 /* UINavigationController+MemoryLeak.h */,
				99808D9021B51D880078FB99 /* UINavigationController+MemoryLeak.m */,
				99808DA121B51D8C0078FB99 /* UIPageViewController+MemoryLeak.h */,
				99808D9D21B51D8B0078FB99 /* UIPageViewController+MemoryLeak.m */,
				99808D9421B51D890078FB99 /* UISplitViewController+MemoryLeak.h */,
				99808DA321B51D8D0078FB99 /* UISplitViewController+MemoryLeak.m */,
				99808D9221B51D890078FB99 /* UITabBarController+MemoryLeak.h */,
				99808D9E21B51D8B0078FB99 /* UITabBarController+MemoryLeak.m */,
				99808D9121B51D890078FB99 /* UITouch+MemoryLeak.h */,
				99808D9621B51D8A0078FB99 /* UITouch+MemoryLeak.m */,
				99808DA621B51D8D0078FB99 /* UIView+MemoryLeak.h */,
				99808D9A21B51D8B0078FB99 /* UIView+MemoryLeak.m */,
				99808D9521B51D8A0078FB99 /* UIViewController+MemoryLeak.h */,
				99808D9F21B51D8C0078FB99 /* UIViewController+MemoryLeak.m */,
			);
			path = MLeaksFinder;
			sourceTree = "<group>";
		};
		9992481820B3C014002F1827 /* config */ = {
			isa = PBXGroup;
			children = (
				9992481920B3C029002F1827 /* constants */,
			);
			path = config;
			sourceTree = "<group>";
		};
		9992481920B3C029002F1827 /* constants */ = {
			isa = PBXGroup;
			children = (
				9992481B20B3C1E6002F1827 /* SystemConstants.h */,
			);
			path = constants;
			sourceTree = "<group>";
		};
		99B669A820B3064200010683 /* thirdLibs */ = {
			isa = PBXGroup;
			children = (
				99808D8F21B51D1E0078FB99 /* MLeaksFinder */,
			);
			path = thirdLibs;
			sourceTree = "<group>";
		};
/* End PBXGroup section */

/* Begin PBXNativeTarget section */
		991AB70A20AA8251003C8A52 /* iOSDemo */ = {
			isa = PBXNativeTarget;
			buildConfigurationList = 991AB71B20AA8258003C8A52 /* Build configuration list for PBXNativeTarget "iOSDemo" */;
			buildPhases = (
				991AB70720AA8251003C8A52 /* Sources */,
				991AB70820AA8251003C8A52 /* Frameworks */,
				991AB70920AA8251003C8A52 /* Resources */,
				9913F4E220B2C63000F9A8B0 /* ShellScript */,
			);
			buildRules = (
			);
			dependencies = (
			);
			name = iOSDemo;
			productName = "系统地图";
			productReference = 991AB70B20AA8251003C8A52 /* iOSDemo.app */;
			productType = "com.apple.product-type.application";
		};
/* End PBXNativeTarget section */

/* Begin PBXProject section */
		991AB70320AA8250003C8A52 /* Project object */ = {
			isa = PBXProject;
			attributes = {
				LastUpgradeCheck = 0930;
				ORGANIZATIONNAME = qixin;
				TargetAttributes = {
					991AB70A20AA8251003C8A52 = {
						CreatedOnToolsVersion = 9.3;
					};
				};
			};
			buildConfigurationList = 991AB70620AA8250003C8A52 /* Build configuration list for PBXProject "iOSDemo" */;
			compatibilityVersion = "Xcode 9.3";
			developmentRegion = en;
			hasScannedForEncodings = 0;
			knownRegions = (
				en,
				Base,
			);
			mainGroup = 991AB70220AA8250003C8A52;
			productRefGroup = 991AB70C20AA8251003C8A52 /* Products */;
			projectDirPath = "";
			projectRoot = "";
			targets = (
				991AB70A20AA8251003C8A52 /* iOSDemo */,
			);
		};
/* End PBXProject section */

/* Begin PBXResourcesBuildPhase section */
		991AB70920AA8251003C8A52 /* Resources */ = {
			isa = PBXResourcesBuildPhase;
			buildActionMask = 2147483647;
			files = (
				991AB73620AA87C9003C8A52 /* tab_work_sel@2x.png in Resources */,
				991AB71220AA8257003C8A52 /* Assets.xcassets in Resources */,
				991AB73920AA87C9003C8A52 /* tab_home_sel@2x.png in Resources */,
				994664432114918A00F228E0 /* tupian.jpg in Resources */,
				993DE093211806D800CF6890 /* test.pdf in Resources */,
				991AB73820AA87C9003C8A52 /* tab_mine_sel@2x.png in Resources */,
				991AB73520AA87C9003C8A52 /* tab_work_nor@2x.png in Resources */,
				991AB73A20AA87C9003C8A52 /* tab_mine_nor@2x.png in Resources */,
				991AB71520AA8257003C8A52 /* LaunchScreen.storyboard in Resources */,
				991AB73720AA87C9003C8A52 /* tab_home_nor@2x.png in Resources */,
			);
			runOnlyForDeploymentPostprocessing = 0;
		};
/* End PBXResourcesBuildPhase section */

/* Begin PBXShellScriptBuildPhase section */
		9913F4E220B2C63000F9A8B0 /* ShellScript */ = {
			isa = PBXShellScriptBuildPhase;
			buildActionMask = 2147483647;
			files = (
			);
			inputPaths = (
				"$(SRCROOT)/Carthage/Build/iOS/MyLayout.framework",
				"$(SRCROOT)/Carthage/Build/iOS/MBProgressHUD.framework",
			);
			outputPaths = (
				"$(BUILT_PRODUCTS_DIR)/$(FRAMEWORKS_FOLDER_PATH)/MBProgressHUD.framework",
			);
			runOnlyForDeploymentPostprocessing = 0;
			shellPath = /bin/sh;
			shellScript = "/usr/local/bin/carthage copy-frameworks";
		};
/* End PBXShellScriptBuildPhase section */

/* Begin PBXSourcesBuildPhase section */
		991AB70720AA8251003C8A52 /* Sources */ = {
			isa = PBXSourcesBuildPhase;
			buildActionMask = 2147483647;
			files = (
				99E1FF0F218AEC8B00087773 /* PhotoCompressViewController.m in Sources */,
				99808DAD21B51D8E0078FB99 /* MLeaksMessenger.m in Sources */,
				99808DA821B51D8E0078FB99 /* UITouch+MemoryLeak.m in Sources */,
				9992481720B3BF05002F1827 /* FrameTestViewController.m in Sources */,
				99808DB121B51D8E0078FB99 /* UISplitViewController+MemoryLeak.m in Sources */,
				99808DAA21B51D8E0078FB99 /* MLeakedObjectProxy.m in Sources */,
				99135F5220B3F5CB004AD17F /* LinearLayoutViewController.m in Sources */,
				99825D00211430100089B85B /* FileViewController.m in Sources */,
				99808DAB21B51D8E0078FB99 /* UIView+MemoryLeak.m in Sources */,
				99825D03211452600089B85B /* FileMgrViewController.m in Sources */,
				991AB73D20AA8DB8003C8A52 /* MapDemoViewController.m in Sources */,
				991AB72520AA84A9003C8A52 /* MineViewController.m in Sources */,
				991AB72820AA84CD003C8A52 /* WorkViewController.m in Sources */,
				99808DAF21B51D8E0078FB99 /* UITabBarController+MemoryLeak.m in Sources */,
				99808DA721B51D8E0078FB99 /* UINavigationController+MemoryLeak.m in Sources */,
				99808DB021B51D8E0078FB99 /* UIViewController+MemoryLeak.m in Sources */,
				996370E321CE66720075CFB4 /* WkWebDemoViewController.m in Sources */,
				99808DA921B51D8E0078FB99 /* UIApplication+MemoryLeak.m in Sources */,
				99808DAC21B51D8E0078FB99 /* NSObject+MemoryLeak.m in Sources */,
				99808D8E21B507740078FB99 /* AddressSanitizerViewController.m in Sources */,
				991AB71820AA8258003C8A52 /* main.m in Sources */,
				991AB72B20AA84E3003C8A52 /* HomeViewController.m in Sources */,
				99135F5520B3F84B004AD17F /* FlowLayoutViewController.m in Sources */,
				993DE0912118022A00CF6890 /* FileShareViewController.m in Sources */,
				991AB71020AA8251003C8A52 /* AppDelegate.m in Sources */,
				99808DAE21B51D8E0078FB99 /* UIPageViewController+MemoryLeak.m in Sources */,
			);
			runOnlyForDeploymentPostprocessing = 0;
		};
/* End PBXSourcesBuildPhase section */

/* Begin PBXVariantGroup section */
		991AB71320AA8257003C8A52 /* LaunchScreen.storyboard */ = {
			isa = PBXVariantGroup;
			children = (
				991AB71420AA8257003C8A52 /* Base */,
			);
			name = LaunchScreen.storyboard;
			sourceTree = "<group>";
		};
/* End PBXVariantGroup section */

/* Begin XCBuildConfiguration section */
		991AB71920AA8258003C8A52 /* Debug */ = {
			isa = XCBuildConfiguration;
			buildSettings = {
				ALWAYS_SEARCH_USER_PATHS = NO;
				CLANG_ANALYZER_NONNULL = YES;
				CLANG_ANALYZER_NUMBER_OBJECT_CONVERSION = YES_AGGRESSIVE;
				CLANG_CXX_LANGUAGE_STANDARD = "gnu++14";
				CLANG_CXX_LIBRARY = "libc++";
				CLANG_ENABLE_MODULES = YES;
				CLANG_ENABLE_OBJC_ARC = YES;
				CLANG_ENABLE_OBJC_WEAK = YES;
				CLANG_WARN_BLOCK_CAPTURE_AUTORELEASING = YES;
				CLANG_WARN_BOOL_CONVERSION = YES;
				CLANG_WARN_COMMA = YES;
				CLANG_WARN_CONSTANT_CONVERSION = YES;
				CLANG_WARN_DEPRECATED_OBJC_IMPLEMENTATIONS = YES;
				CLANG_WARN_DIRECT_OBJC_ISA_USAGE = YES_ERROR;
				CLANG_WARN_DOCUMENTATION_COMMENTS = YES;
				CLANG_WARN_EMPTY_BODY = YES;
				CLANG_WARN_ENUM_CONVERSION = YES;
				CLANG_WARN_INFINITE_RECURSION = YES;
				CLANG_WARN_INT_CONVERSION = YES;
				CLANG_WARN_NON_LITERAL_NULL_CONVERSION = YES;
				CLANG_WARN_OBJC_IMPLICIT_RETAIN_SELF = YES;
				CLANG_WARN_OBJC_LITERAL_CONVERSION = YES;
				CLANG_WARN_OBJC_ROOT_CLASS = YES_ERROR;
				CLANG_WARN_RANGE_LOOP_ANALYSIS = YES;
				CLANG_WARN_STRICT_PROTOTYPES = YES;
				CLANG_WARN_SUSPICIOUS_MOVE = YES;
				CLANG_WARN_UNGUARDED_AVAILABILITY = YES_AGGRESSIVE;
				CLANG_WARN_UNREACHABLE_CODE = YES;
				CLANG_WARN__DUPLICATE_METHOD_MATCH = YES;
				CODE_SIGN_IDENTITY = "iPhone Developer";
				COPY_PHASE_STRIP = NO;
				DEBUG_INFORMATION_FORMAT = dwarf;
				ENABLE_STRICT_OBJC_MSGSEND = YES;
				ENABLE_TESTABILITY = YES;
				GCC_C_LANGUAGE_STANDARD = gnu11;
				GCC_DYNAMIC_NO_PIC = NO;
				GCC_NO_COMMON_BLOCKS = YES;
				GCC_OPTIMIZATION_LEVEL = 0;
				GCC_PREPROCESSOR_DEFINITIONS = (
					"DEBUG=1",
					"$(inherited)",
				);
				GCC_WARN_64_TO_32_BIT_CONVERSION = YES;
				GCC_WARN_ABOUT_RETURN_TYPE = YES_ERROR;
				GCC_WARN_UNDECLARED_SELECTOR = YES;
				GCC_WARN_UNINITIALIZED_AUTOS = YES_AGGRESSIVE;
				GCC_WARN_UNUSED_FUNCTION = YES;
				GCC_WARN_UNUSED_VARIABLE = YES;
				IPHONEOS_DEPLOYMENT_TARGET = 11.3;
				MTL_ENABLE_DEBUG_INFO = YES;
				ONLY_ACTIVE_ARCH = YES;
				SDKROOT = iphoneos;
			};
			name = Debug;
		};
		991AB71A20AA8258003C8A52 /* Release */ = {
			isa = XCBuildConfiguration;
			buildSettings = {
				ALWAYS_SEARCH_USER_PATHS = NO;
				CLANG_ANALYZER_NONNULL = YES;
				CLANG_ANALYZER_NUMBER_OBJECT_CONVERSION = YES_AGGRESSIVE;
				CLANG_CXX_LANGUAGE_STANDARD = "gnu++14";
				CLANG_CXX_LIBRARY = "libc++";
				CLANG_ENABLE_MODULES = YES;
				CLANG_ENABLE_OBJC_ARC = YES;
				CLANG_ENABLE_OBJC_WEAK = YES;
				CLANG_WARN_BLOCK_CAPTURE_AUTORELEASING = YES;
				CLANG_WARN_BOOL_CONVERSION = YES;
				CLANG_WARN_COMMA = YES;
				CLANG_WARN_CONSTANT_CONVERSION = YES;
				CLANG_WARN_DEPRECATED_OBJC_IMPLEMENTATIONS = YES;
				CLANG_WARN_DIRECT_OBJC_ISA_USAGE = YES_ERROR;
				CLANG_WARN_DOCUMENTATION_COMMENTS = YES;
				CLANG_WARN_EMPTY_BODY = YES;
				CLANG_WARN_ENUM_CONVERSION = YES;
				CLANG_WARN_INFINITE_RECURSION = YES;
				CLANG_WARN_INT_CONVERSION = YES;
				CLANG_WARN_NON_LITERAL_NULL_CONVERSION = YES;
				CLANG_WARN_OBJC_IMPLICIT_RETAIN_SELF = YES;
				CLANG_WARN_OBJC_LITERAL_CONVERSION = YES;
				CLANG_WARN_OBJC_ROOT_CLASS = YES_ERROR;
				CLANG_WARN_RANGE_LOOP_ANALYSIS = YES;
				CLANG_WARN_STRICT_PROTOTYPES = YES;
				CLANG_WARN_SUSPICIOUS_MOVE = YES;
				CLANG_WARN_UNGUARDED_AVAILABILITY = YES_AGGRESSIVE;
				CLANG_WARN_UNREACHABLE_CODE = YES;
				CLANG_WARN__DUPLICATE_METHOD_MATCH = YES;
				CODE_SIGN_IDENTITY = "iPhone Developer";
				COPY_PHASE_STRIP = NO;
				DEBUG_INFORMATION_FORMAT = "dwarf-with-dsym";
				ENABLE_NS_ASSERTIONS = NO;
				ENABLE_STRICT_OBJC_MSGSEND = YES;
				GCC_C_LANGUAGE_STANDARD = gnu11;
				GCC_NO_COMMON_BLOCKS = YES;
				GCC_WARN_64_TO_32_BIT_CONVERSION = YES;
				GCC_WARN_ABOUT_RETURN_TYPE = YES_ERROR;
				GCC_WARN_UNDECLARED_SELECTOR = YES;
				GCC_WARN_UNINITIALIZED_AUTOS = YES_AGGRESSIVE;
				GCC_WARN_UNUSED_FUNCTION = YES;
				GCC_WARN_UNUSED_VARIABLE = YES;
				IPHONEOS_DEPLOYMENT_TARGET = 11.3;
				MTL_ENABLE_DEBUG_INFO = NO;
				SDKROOT = iphoneos;
				VALIDATE_PRODUCT = YES;
			};
			name = Release;
		};
		991AB71C20AA8258003C8A52 /* Debug */ = {
			isa = XCBuildConfiguration;
			buildSettings = {
				ASSETCATALOG_COMPILER_APPICON_NAME = AppIcon;
				ASSETCATALOG_COMPILER_LAUNCHIMAGE_NAME = LaunchImage;
				CODE_SIGN_IDENTITY = "iPhone Developer: Hao Hu (3L82634XR8)";
				CODE_SIGN_STYLE = Manual;
				DEVELOPMENT_TEAM = C83D8592H3;
				FRAMEWORK_SEARCH_PATHS = (
					"$(inherited)",
					"$(PROJECT_DIR)/Carthage/Build/iOS",
				);
				HEADER_SEARCH_PATHS = "";
				INFOPLIST_FILE = iOSDemo/Info.plist;
				IPHONEOS_DEPLOYMENT_TARGET = 9.0;
				LD_RUNPATH_SEARCH_PATHS = (
					"$(inherited)",
					"@executable_path/Frameworks",
				);
				LIBRARY_SEARCH_PATHS = "";
				PRODUCT_BUNDLE_IDENTIFIER = com.haoqix.beidouQx.test;
				PRODUCT_NAME = "$(TARGET_NAME)";
				PROVISIONING_PROFILE = "998b7570-6cac-4667-9dcc-20aa9f01c3a5";
				PROVISIONING_PROFILE_SPECIFIER = qxTestDevelopment;
				TARGETED_DEVICE_FAMILY = "1,2";
			};
			name = Debug;
		};
		991AB71D20AA8258003C8A52 /* Release */ = {
			isa = XCBuildConfiguration;
			buildSettings = {
				ASSETCATALOG_COMPILER_APPICON_NAME = AppIcon;
				ASSETCATALOG_COMPILER_LAUNCHIMAGE_NAME = LaunchImage;
				CODE_SIGN_IDENTITY = "iPhone Developer: Hao Hu (3L82634XR8)";
				CODE_SIGN_STYLE = Manual;
				DEVELOPMENT_TEAM = C83D8592H3;
				FRAMEWORK_SEARCH_PATHS = (
					"$(inherited)",
					"$(PROJECT_DIR)/Carthage/Build/iOS",
				);
				HEADER_SEARCH_PATHS = "";
				INFOPLIST_FILE = iOSDemo/Info.plist;
				IPHONEOS_DEPLOYMENT_TARGET = 9.0;
				LD_RUNPATH_SEARCH_PATHS = (
					"$(inherited)",
					"@executable_path/Frameworks",
				);
				LIBRARY_SEARCH_PATHS = "";
				PRODUCT_BUNDLE_IDENTIFIER = com.haoqix.beidouQx.test;
				PRODUCT_NAME = "$(TARGET_NAME)";
				PROVISIONING_PROFILE = "998b7570-6cac-4667-9dcc-20aa9f01c3a5";
				PROVISIONING_PROFILE_SPECIFIER = qxTestDevelopment;
				TARGETED_DEVICE_FAMILY = "1,2";
			};
			name = Release;
		};
/* End XCBuildConfiguration section */

/* Begin XCConfigurationList section */
		991AB70620AA8250003C8A52 /* Build configuration list for PBXProject "iOSDemo" */ = {
			isa = XCConfigurationList;
			buildConfigurations = (
				991AB71920AA8258003C8A52 /* Debug */,
				991AB71A20AA8258003C8A52 /* Release */,
			);
			defaultConfigurationIsVisible = 0;
			defaultConfigurationName = Release;
		};
		991AB71B20AA8258003C8A52 /* Build configuration list for PBXNativeTarget "iOSDemo" */ = {
			isa = XCConfigurationList;
			buildConfigurations = (
				991AB71C20AA8258003C8A52 /* Debug */,
				991AB71D20AA8258003C8A52 /* Release */,
			);
			defaultConfigurationIsVisible = 0;
			defaultConfigurationName = Release;
		};
/* End XCConfigurationList section */
	};
	rootObject = 991AB70320AA8250003C8A52 /* Project object */;
}
